
Microsoft Visual Studio Solution File, Format Version 11.00
# Visual Studio 2010
# SharpDevelop 4.4
Project("{FAE04EC0-301F-11D3-BF4B-00C04F79EFBC}") = "Primera Aplicacion Visual", "Primera Aplicacion Visual\Primera Aplicacion Visual.csproj", "{A3ECC786-A75F-4B15-88E0-F58A6C12D758}"
EndProject
Global
	GlobalSection(SolutionConfigurationPlatforms) = preSolution
		Debug|Any CPU = Debug|Any CPU
		Release|Any CPU = Release|Any CPU
	EndGlobalSection
	GlobalSection(ProjectConfigurationPlatforms) = postSolution
		{A3ECC786-A75F-4B15-88E0-F58A6C12D758}.Debug|Any CPU.Build.0 = Debug|Any CPU
		{A3ECC786-A75F-4B15-88E0-F58A6C12D758}.Debug|Any CPU.ActiveCfg = Debug|Any CPU
		{A3ECC786-A75F-4B15-88E0-F58A6C12D758}.Release|Any CPU.Build.0 = Release|Any CPU
		{A3ECC786-A75F-4B15-88E0-F58A6C12D758}.Release|Any CPU.ActiveCfg = Release|Any CPU
	EndGlobalSection
EndGlobal
